// !$*UTF8*$!
{
	archiveVersion = 1;
	classes = {
	};
	objectVersion = 56;
	objects = {

/* Begin PBXBuildFile section */
		049D2FEA2A32FDA500FDCDC5 /* AppDelegate.swift in Sources */ = {isa = PBXBuildFile; fileRef = 049D2FE92A32FDA500FDCDC5 /* AppDelegate.swift */; };
		049D2FEC2A32FDA500FDCDC5 /* SceneDelegate.swift in Sources */ = {isa = PBXBuildFile; fileRef = 049D2FEB2A32FDA500FDCDC5 /* SceneDelegate.swift */; };
		049D2FEE2A32FDA500FDCDC5 /* CharacterListVC.swift in Sources */ = {isa = PBXBuildFile; fileRef = 049D2FED2A32FDA500FDCDC5 /* CharacterListVC.swift */; };
		049D2FF12A32FDA500FDCDC5 /* Main.storyboard in Resources */ = {isa = PBXBuildFile; fileRef = 049D2FEF2A32FDA500FDCDC5 /* Main.storyboard */; };
		049D2FF32A32FDA700FDCDC5 /* Assets.xcassets in Resources */ = {isa = PBXBuildFile; fileRef = 049D2FF22A32FDA700FDCDC5 /* Assets.xcassets */; };
		049D2FF62A32FDA700FDCDC5 /* LaunchScreen.storyboard in Resources */ = {isa = PBXBuildFile; fileRef = 049D2FF42A32FDA700FDCDC5 /* LaunchScreen.storyboard */; };
		049D30012A32FDA700FDCDC5 /* RickMortyCharactersTests.swift in Sources */ = {isa = PBXBuildFile; fileRef = 049D30002A32FDA700FDCDC5 /* RickMortyCharactersTests.swift */; };
		049D300B2A32FDA800FDCDC5 /* RickMortyCharactersUITests.swift in Sources */ = {isa = PBXBuildFile; fileRef = 049D300A2A32FDA800FDCDC5 /* RickMortyCharactersUITests.swift */; };
		049D300D2A32FDA800FDCDC5 /* RickMortyCharactersUITestsLaunchTests.swift in Sources */ = {isa = PBXBuildFile; fileRef = 049D300C2A32FDA800FDCDC5 /* RickMortyCharactersUITestsLaunchTests.swift */; };
		049D30202A3311B000FDCDC5 /* RxAPIClient.swift in Sources */ = {isa = PBXBuildFile; fileRef = 049D301F2A3311B000FDCDC5 /* RxAPIClient.swift */; };
		049D30222A33184A00FDCDC5 /* CharacterListVCViewModel.swift in Sources */ = {isa = PBXBuildFile; fileRef = 049D30212A33184A00FDCDC5 /* CharacterListVCViewModel.swift */; };
		049D30242A331A5500FDCDC5 /* RickMortyAPIClient.swift in Sources */ = {isa = PBXBuildFile; fileRef = 049D30232A331A5500FDCDC5 /* RickMortyAPIClient.swift */; };
		049D30272A332C3E00FDCDC5 /* CharacterSummaryCell.swift in Sources */ = {isa = PBXBuildFile; fileRef = 049D30252A332C3E00FDCDC5 /* CharacterSummaryCell.swift */; };
		049D30282A332C3E00FDCDC5 /* CharacterSummaryCell.xib in Resources */ = {isa = PBXBuildFile; fileRef = 049D30262A332C3E00FDCDC5 /* CharacterSummaryCell.xib */; };
		049D302D2A334BB900FDCDC5 /* CharacterListAPIResponse.swift in Sources */ = {isa = PBXBuildFile; fileRef = 049D302C2A334BB900FDCDC5 /* CharacterListAPIResponse.swift */; };
		049D302F2A334BEA00FDCDC5 /* CharacterDetailAPIResponse.swift in Sources */ = {isa = PBXBuildFile; fileRef = 049D302E2A334BEA00FDCDC5 /* CharacterDetailAPIResponse.swift */; };
		049D30312A334C0D00FDCDC5 /* Location.swift in Sources */ = {isa = PBXBuildFile; fileRef = 049D30302A334C0D00FDCDC5 /* Location.swift */; };
		049D30352A334E0800FDCDC5 /* StoryboardScene.swift in Sources */ = {isa = PBXBuildFile; fileRef = 049D30342A334E0800FDCDC5 /* StoryboardScene.swift */; };
		049D30372A3355DB00FDCDC5 /* SearchVC.swift in Sources */ = {isa = PBXBuildFile; fileRef = 049D30362A3355DB00FDCDC5 /* SearchVC.swift */; };
		049D30392A335A4B00FDCDC5 /* SearchVCVIewModel.swift in Sources */ = {isa = PBXBuildFile; fileRef = 049D30382A335A4B00FDCDC5 /* SearchVCVIewModel.swift */; };
		049D303B2A33811D00FDCDC5 /* CharacterSummary.swift in Sources */ = {isa = PBXBuildFile; fileRef = 049D303A2A33811D00FDCDC5 /* CharacterSummary.swift */; };
		29B9EFB9A5018B7AD230F5F9 /* Pods_RickMortyCharactersTests.framework in Frameworks */ = {isa = PBXBuildFile; fileRef = 235E091F58EF76383767672F /* Pods_RickMortyCharactersTests.framework */; };
		6FB8FE09480989361E29E751 /* Pods_RickMortyCharactersUITests.framework in Frameworks */ = {isa = PBXBuildFile; fileRef = 0DC1639EF89C8783C69A138F /* Pods_RickMortyCharactersUITests.framework */; };
		DD199E32C3F77617CA987CBC /* Pods_RickMortyCharacters.framework in Frameworks */ = {isa = PBXBuildFile; fileRef = 3057CEA4179FF93A43ACBB4A /* Pods_RickMortyCharacters.framework */; };
/* End PBXBuildFile section */

/* Begin PBXContainerItemProxy section */
		049D2FFD2A32FDA700FDCDC5 /* PBXContainerItemProxy */ = {
			isa = PBXContainerItemProxy;
			containerPortal = 049D2FDE2A32FDA500FDCDC5 /* Project object */;
			proxyType = 1;
			remoteGlobalIDString = 049D2FE52A32FDA500FDCDC5;
			remoteInfo = RickMortyCharacters;
		};
		049D30072A32FDA700FDCDC5 /* PBXContainerItemProxy */ = {
			isa = PBXContainerItemProxy;
			containerPortal = 049D2FDE2A32FDA500FDCDC5 /* Project object */;
			proxyType = 1;
			remoteGlobalIDString = 049D2FE52A32FDA500FDCDC5;
			remoteInfo = RickMortyCharacters;
		};
/* End PBXContainerItemProxy section */

/* Begin PBXFileReference section */
		049D2FE62A32FDA500FDCDC5 /* RickMortyCharacters.app */ = {isa = PBXFileReference; explicitFileType = wrapper.application; includeInIndex = 0; path = RickMortyCharacters.app; sourceTree = BUILT_PRODUCTS_DIR; };
		049D2FE92A32FDA500FDCDC5 /* AppDelegate.swift */ = {isa = PBXFileReference; lastKnownFileType = sourcecode.swift; path = AppDelegate.swift; sourceTree = "<group>"; };
		049D2FEB2A32FDA500FDCDC5 /* SceneDelegate.swift */ = {isa = PBXFileReference; lastKnownFileType = sourcecode.swift; path = SceneDelegate.swift; sourceTree = "<group>"; };
		049D2FED2A32FDA500FDCDC5 /* CharacterListVC.swift */ = {isa = PBXFileReference; lastKnownFileType = sourcecode.swift; path = CharacterListVC.swift; sourceTree = "<group>"; };
		049D2FF02A32FDA500FDCDC5 /* Base */ = {isa = PBXFileReference; lastKnownFileType = file.storyboard; name = Base; path = Base.lproj/Main.storyboard; sourceTree = "<group>"; };
		049D2FF22A32FDA700FDCDC5 /* Assets.xcassets */ = {isa = PBXFileReference; lastKnownFileType = folder.assetcatalog; path = Assets.xcassets; sourceTree = "<group>"; };
		049D2FF52A32FDA700FDCDC5 /* Base */ = {isa = PBXFileReference; lastKnownFileType = file.storyboard; name = Base; path = Base.lproj/LaunchScreen.storyboard; sourceTree = "<group>"; };
		049D2FF72A32FDA700FDCDC5 /* Info.plist */ = {isa = PBXFileReference; lastKnownFileType = text.plist.xml; path = Info.plist; sourceTree = "<group>"; };
		049D2FFC2A32FDA700FDCDC5 /* RickMortyCharactersTests.xctest */ = {isa = PBXFileReference; explicitFileType = wrapper.cfbundle; includeInIndex = 0; path = RickMortyCharactersTests.xctest; sourceTree = BUILT_PRODUCTS_DIR; };
		049D30002A32FDA700FDCDC5 /* RickMortyCharactersTests.swift */ = {isa = PBXFileReference; lastKnownFileType = sourcecode.swift; path = RickMortyCharactersTests.swift; sourceTree = "<group>"; };
		049D30062A32FDA700FDCDC5 /* RickMortyCharactersUITests.xctest */ = {isa = PBXFileReference; explicitFileType = wrapper.cfbundle; includeInIndex = 0; path = RickMortyCharactersUITests.xctest; sourceTree = BUILT_PRODUCTS_DIR; };
		049D300A2A32FDA800FDCDC5 /* RickMortyCharactersUITests.swift */ = {isa = PBXFileReference; lastKnownFileType = sourcecode.swift; path = RickMortyCharactersUITests.swift; sourceTree = "<group>"; };
		049D300C2A32FDA800FDCDC5 /* RickMortyCharactersUITestsLaunchTests.swift */ = {isa = PBXFileReference; lastKnownFileType = sourcecode.swift; path = RickMortyCharactersUITestsLaunchTests.swift; sourceTree = "<group>"; };
		049D301F2A3311B000FDCDC5 /* RxAPIClient.swift */ = {isa = PBXFileReference; lastKnownFileType = sourcecode.swift; path = RxAPIClient.swift; sourceTree = "<group>"; };
		049D30212A33184A00FDCDC5 /* CharacterListVCViewModel.swift */ = {isa = PBXFileReference; lastKnownFileType = sourcecode.swift; path = CharacterListVCViewModel.swift; sourceTree = "<group>"; };
		049D30232A331A5500FDCDC5 /* RickMortyAPIClient.swift */ = {isa = PBXFileReference; lastKnownFileType = sourcecode.swift; path = RickMortyAPIClient.swift; sourceTree = "<group>"; };
		049D30252A332C3E00FDCDC5 /* CharacterSummaryCell.swift */ = {isa = PBXFileReference; lastKnownFileType = sourcecode.swift; path = CharacterSummaryCell.swift; sourceTree = "<group>"; };
		049D30262A332C3E00FDCDC5 /* CharacterSummaryCell.xib */ = {isa = PBXFileReference; lastKnownFileType = file.xib; path = CharacterSummaryCell.xib; sourceTree = "<group>"; };
		049D302C2A334BB900FDCDC5 /* CharacterListAPIResponse.swift */ = {isa = PBXFileReference; lastKnownFileType = sourcecode.swift; path = CharacterListAPIResponse.swift; sourceTree = "<group>"; };
		049D302E2A334BEA00FDCDC5 /* CharacterDetailAPIResponse.swift */ = {isa = PBXFileReference; lastKnownFileType = sourcecode.swift; path = CharacterDetailAPIResponse.swift; sourceTree = "<group>"; };
		049D30302A334C0D00FDCDC5 /* Location.swift */ = {isa = PBXFileReference; lastKnownFileType = sourcecode.swift; path = Location.swift; sourceTree = "<group>"; };
		049D30342A334E0800FDCDC5 /* StoryboardScene.swift */ = {isa = PBXFileReference; lastKnownFileType = sourcecode.swift; path = StoryboardScene.swift; sourceTree = "<group>"; };
		049D30362A3355DB00FDCDC5 /* SearchVC.swift */ = {isa = PBXFileReference; lastKnownFileType = sourcecode.swift; path = SearchVC.swift; sourceTree = "<group>"; };
		049D30382A335A4B00FDCDC5 /* SearchVCVIewModel.swift */ = {isa = PBXFileReference; lastKnownFileType = sourcecode.swift; path = SearchVCVIewModel.swift; sourceTree = "<group>"; };
		049D303A2A33811D00FDCDC5 /* CharacterSummary.swift */ = {isa = PBXFileReference; lastKnownFileType = sourcecode.swift; path = CharacterSummary.swift; sourceTree = "<group>"; };
		0DC1639EF89C8783C69A138F /* Pods_RickMortyCharactersUITests.framework */ = {isa = PBXFileReference; explicitFileType = wrapper.framework; includeInIndex = 0; path = Pods_RickMortyCharactersUITests.framework; sourceTree = BUILT_PRODUCTS_DIR; };
		10DFE7DE0E4128221B9D484E /* Pods-RickMortyCharactersTests.release.xcconfig */ = {isa = PBXFileReference; includeInIndex = 1; lastKnownFileType = text.xcconfig; name = "Pods-RickMortyCharactersTests.release.xcconfig"; path = "Target Support Files/Pods-RickMortyCharactersTests/Pods-RickMortyCharactersTests.release.xcconfig"; sourceTree = "<group>"; };
		1ABB9D1090EBDB0404D375E2 /* Pods-RickMortyCharactersTests.debug.xcconfig */ = {isa = PBXFileReference; includeInIndex = 1; lastKnownFileType = text.xcconfig; name = "Pods-RickMortyCharactersTests.debug.xcconfig"; path = "Target Support Files/Pods-RickMortyCharactersTests/Pods-RickMortyCharactersTests.debug.xcconfig"; sourceTree = "<group>"; };
		235E091F58EF76383767672F /* Pods_RickMortyCharactersTests.framework */ = {isa = PBXFileReference; explicitFileType = wrapper.framework; includeInIndex = 0; path = Pods_RickMortyCharactersTests.framework; sourceTree = BUILT_PRODUCTS_DIR; };
		3057CEA4179FF93A43ACBB4A /* Pods_RickMortyCharacters.framework */ = {isa = PBXFileReference; explicitFileType = wrapper.framework; includeInIndex = 0; path = Pods_RickMortyCharacters.framework; sourceTree = BUILT_PRODUCTS_DIR; };
		651274486A2A4A9AFE9AB322 /* Pods-RickMortyCharactersUITests.debug.xcconfig */ = {isa = PBXFileReference; includeInIndex = 1; lastKnownFileType = text.xcconfig; name = "Pods-RickMortyCharactersUITests.debug.xcconfig"; path = "Target Support Files/Pods-RickMortyCharactersUITests/Pods-RickMortyCharactersUITests.debug.xcconfig"; sourceTree = "<group>"; };
		C91EAE0D8A06ECDC8F914A9A /* Pods-RickMortyCharacters.release.xcconfig */ = {isa = PBXFileReference; includeInIndex = 1; lastKnownFileType = text.xcconfig; name = "Pods-RickMortyCharacters.release.xcconfig"; path = "Target Support Files/Pods-RickMortyCharacters/Pods-RickMortyCharacters.release.xcconfig"; sourceTree = "<group>"; };
		D676D26284130CB720934867 /* Pods-RickMortyCharactersUITests.release.xcconfig */ = {isa = PBXFileReference; includeInIndex = 1; lastKnownFileType = text.xcconfig; name = "Pods-RickMortyCharactersUITests.release.xcconfig"; path = "Target Support Files/Pods-RickMortyCharactersUITests/Pods-RickMortyCharactersUITests.release.xcconfig"; sourceTree = "<group>"; };
		DB4C82DD2D9E925263DD34A1 /* Pods-RickMortyCharacters.debug.xcconfig */ = {isa = PBXFileReference; includeInIndex = 1; lastKnownFileType = text.xcconfig; name = "Pods-RickMortyCharacters.debug.xcconfig"; path = "Target Support Files/Pods-RickMortyCharacters/Pods-RickMortyCharacters.debug.xcconfig"; sourceTree = "<group>"; };
/* End PBXFileReference section */

/* Begin PBXFrameworksBuildPhase section */
		049D2FE32A32FDA500FDCDC5 /* Frameworks */ = {
			isa = PBXFrameworksBuildPhase;
			buildActionMask = 2147483647;
			files = (
				DD199E32C3F77617CA987CBC /* Pods_RickMortyCharacters.framework in Frameworks */,
			);
			runOnlyForDeploymentPostprocessing = 0;
		};
		049D2FF92A32FDA700FDCDC5 /* Frameworks */ = {
			isa = PBXFrameworksBuildPhase;
			buildActionMask = 2147483647;
			files = (
				29B9EFB9A5018B7AD230F5F9 /* Pods_RickMortyCharactersTests.framework in Frameworks */,
			);
			runOnlyForDeploymentPostprocessing = 0;
		};
		049D30032A32FDA700FDCDC5 /* Frameworks */ = {
			isa = PBXFrameworksBuildPhase;
			buildActionMask = 2147483647;
			files = (
				6FB8FE09480989361E29E751 /* Pods_RickMortyCharactersUITests.framework in Frameworks */,
			);
			runOnlyForDeploymentPostprocessing = 0;
		};
/* End PBXFrameworksBuildPhase section */

/* Begin PBXGroup section */
		049D2FDD2A32FDA500FDCDC5 = {
			isa = PBXGroup;
			children = (
				049D2FE82A32FDA500FDCDC5 /* RickMortyCharacters */,
				049D2FFF2A32FDA700FDCDC5 /* RickMortyCharactersTests */,
				049D30092A32FDA700FDCDC5 /* RickMortyCharactersUITests */,
				049D2FE72A32FDA500FDCDC5 /* Products */,
				846A1B21194A104761A26EA0 /* Pods */,
				C32508DB1F7A9EEE6B0FA820 /* Frameworks */,
			);
			sourceTree = "<group>";
		};
		049D2FE72A32FDA500FDCDC5 /* Products */ = {
			isa = PBXGroup;
			children = (
				049D2FE62A32FDA500FDCDC5 /* RickMortyCharacters.app */,
				049D2FFC2A32FDA700FDCDC5 /* RickMortyCharactersTests.xctest */,
				049D30062A32FDA700FDCDC5 /* RickMortyCharactersUITests.xctest */,
			);
			name = Products;
			sourceTree = "<group>";
		};
		049D2FE82A32FDA500FDCDC5 /* RickMortyCharacters */ = {
			isa = PBXGroup;
			children = (
				049D30322A334DF300FDCDC5 /* Common */,
				049D30292A332E5700FDCDC5 /* Storyboard */,
				049D301E2A330E6800FDCDC5 /* Feature */,
				049D301D2A330E5E00FDCDC5 /* Network */,
				049D302A2A334B9500FDCDC5 /* Data */,
				049D30192A330D0600FDCDC5 /* SupportingFIles */,
			);
			path = RickMortyCharacters;
			sourceTree = "<group>";
		};
		049D2FFF2A32FDA700FDCDC5 /* RickMortyCharactersTests */ = {
			isa = PBXGroup;
			children = (
				049D30002A32FDA700FDCDC5 /* RickMortyCharactersTests.swift */,
			);
			path = RickMortyCharactersTests;
			sourceTree = "<group>";
		};
		049D30092A32FDA700FDCDC5 /* RickMortyCharactersUITests */ = {
			isa = PBXGroup;
			children = (
				049D300A2A32FDA800FDCDC5 /* RickMortyCharactersUITests.swift */,
				049D300C2A32FDA800FDCDC5 /* RickMortyCharactersUITestsLaunchTests.swift */,
			);
			path = RickMortyCharactersUITests;
			sourceTree = "<group>";
		};
		049D30192A330D0600FDCDC5 /* SupportingFIles */ = {
			isa = PBXGroup;
			children = (
				049D2FE92A32FDA500FDCDC5 /* AppDelegate.swift */,
				049D2FEB2A32FDA500FDCDC5 /* SceneDelegate.swift */,
				049D2FF22A32FDA700FDCDC5 /* Assets.xcassets */,
				049D2FF72A32FDA700FDCDC5 /* Info.plist */,
			);
			path = SupportingFIles;
			sourceTree = "<group>";
		};
		049D301A2A330DC200FDCDC5 /* List */ = {
			isa = PBXGroup;
			children = (
				049D2FED2A32FDA500FDCDC5 /* CharacterListVC.swift */,
				049D30212A33184A00FDCDC5 /* CharacterListVCViewModel.swift */,
				049D30252A332C3E00FDCDC5 /* CharacterSummaryCell.swift */,
				049D30262A332C3E00FDCDC5 /* CharacterSummaryCell.xib */,
			);
			path = List;
			sourceTree = "<group>";
		};
		049D301B2A330DC800FDCDC5 /* Detail */ = {
			isa = PBXGroup;
			children = (
			);
			path = Detail;
			sourceTree = "<group>";
		};
		049D301C2A330DCE00FDCDC5 /* Search */ = {
			isa = PBXGroup;
			children = (
				049D30362A3355DB00FDCDC5 /* SearchVC.swift */,
				049D30382A335A4B00FDCDC5 /* SearchVCVIewModel.swift */,
			);
			path = Search;
			sourceTree = "<group>";
		};
		049D301D2A330E5E00FDCDC5 /* Network */ = {
			isa = PBXGroup;
			children = (
				049D301F2A3311B000FDCDC5 /* RxAPIClient.swift */,
				049D30232A331A5500FDCDC5 /* RickMortyAPIClient.swift */,
			);
			path = Network;
			sourceTree = "<group>";
		};
		049D301E2A330E6800FDCDC5 /* Feature */ = {
			isa = PBXGroup;
			children = (
				049D301A2A330DC200FDCDC5 /* List */,
				049D301C2A330DCE00FDCDC5 /* Search */,
				049D301B2A330DC800FDCDC5 /* Detail */,
			);
			path = Feature;
			sourceTree = "<group>";
		};
		049D30292A332E5700FDCDC5 /* Storyboard */ = {
			isa = PBXGroup;
			children = (
				049D2FF42A32FDA700FDCDC5 /* LaunchScreen.storyboard */,
				049D2FEF2A32FDA500FDCDC5 /* Main.storyboard */,
			);
			path = Storyboard;
			sourceTree = "<group>";
		};
		049D302A2A334B9500FDCDC5 /* Data */ = {
			isa = PBXGroup;
			children = (
				049D302B2A334BA200FDCDC5 /* Model */,
			);
			path = Data;
			sourceTree = "<group>";
		};
		049D302B2A334BA200FDCDC5 /* Model */ = {
			isa = PBXGroup;
			children = (
				049D302C2A334BB900FDCDC5 /* CharacterListAPIResponse.swift */,
				049D302E2A334BEA00FDCDC5 /* CharacterDetailAPIResponse.swift */,
				049D30302A334C0D00FDCDC5 /* Location.swift */,
				049D303A2A33811D00FDCDC5 /* CharacterSummary.swift */,
			);
			path = Model;
			sourceTree = "<group>";
		};
		049D30322A334DF300FDCDC5 /* Common */ = {
			isa = PBXGroup;
			children = (
				049D30332A334DFA00FDCDC5 /* Util */,
			);
			path = Common;
			sourceTree = "<group>";
		};
		049D30332A334DFA00FDCDC5 /* Util */ = {
			isa = PBXGroup;
			children = (
				049D30342A334E0800FDCDC5 /* StoryboardScene.swift */,
			);
			path = Util;
			sourceTree = "<group>";
		};
		846A1B21194A104761A26EA0 /* Pods */ = {
			isa = PBXGroup;
			children = (
				DB4C82DD2D9E925263DD34A1 /* Pods-RickMortyCharacters.debug.xcconfig */,
				C91EAE0D8A06ECDC8F914A9A /* Pods-RickMortyCharacters.release.xcconfig */,
				1ABB9D1090EBDB0404D375E2 /* Pods-RickMortyCharactersTests.debug.xcconfig */,
				10DFE7DE0E4128221B9D484E /* Pods-RickMortyCharactersTests.release.xcconfig */,
				651274486A2A4A9AFE9AB322 /* Pods-RickMortyCharactersUITests.debug.xcconfig */,
				D676D26284130CB720934867 /* Pods-RickMortyCharactersUITests.release.xcconfig */,
			);
			path = Pods;
			sourceTree = "<group>";
		};
		C32508DB1F7A9EEE6B0FA820 /* Frameworks */ = {
			isa = PBXGroup;
			children = (
				3057CEA4179FF93A43ACBB4A /* Pods_RickMortyCharacters.framework */,
				235E091F58EF76383767672F /* Pods_RickMortyCharactersTests.framework */,
				0DC1639EF89C8783C69A138F /* Pods_RickMortyCharactersUITests.framework */,
			);
			name = Frameworks;
			sourceTree = "<group>";
		};
/* End PBXGroup section */

/* Begin PBXNativeTarget section */
		049D2FE52A32FDA500FDCDC5 /* RickMortyCharacters */ = {
			isa = PBXNativeTarget;
			buildConfigurationList = 049D30102A32FDA800FDCDC5 /* Build configuration list for PBXNativeTarget "RickMortyCharacters" */;
			buildPhases = (
				7E68138E0050700DDDE8976C /* [CP] Check Pods Manifest.lock */,
				049D2FE22A32FDA500FDCDC5 /* Sources */,
				049D2FE32A32FDA500FDCDC5 /* Frameworks */,
				049D2FE42A32FDA500FDCDC5 /* Resources */,
				D1674FFDF151FA42CE237B13 /* [CP] Embed Pods Frameworks */,
			);
			buildRules = (
			);
			dependencies = (
			);
			name = RickMortyCharacters;
			productName = RickMortyCharacters;
			productReference = 049D2FE62A32FDA500FDCDC5 /* RickMortyCharacters.app */;
			productType = "com.apple.product-type.application";
		};
		049D2FFB2A32FDA700FDCDC5 /* RickMortyCharactersTests */ = {
			isa = PBXNativeTarget;
			buildConfigurationList = 049D30132A32FDA800FDCDC5 /* Build configuration list for PBXNativeTarget "RickMortyCharactersTests" */;
			buildPhases = (
				45B62C9F5DE1483B0842660F /* [CP] Check Pods Manifest.lock */,
				049D2FF82A32FDA700FDCDC5 /* Sources */,
				049D2FF92A32FDA700FDCDC5 /* Frameworks */,
				049D2FFA2A32FDA700FDCDC5 /* Resources */,
				8EE36A01CDACF785BAD9E5BF /* [CP] Embed Pods Frameworks */,
			);
			buildRules = (
			);
			dependencies = (
				049D2FFE2A32FDA700FDCDC5 /* PBXTargetDependency */,
			);
			name = RickMortyCharactersTests;
			productName = RickMortyCharactersTests;
			productReference = 049D2FFC2A32FDA700FDCDC5 /* RickMortyCharactersTests.xctest */;
			productType = "com.apple.product-type.bundle.unit-test";
		};
		049D30052A32FDA700FDCDC5 /* RickMortyCharactersUITests */ = {
			isa = PBXNativeTarget;
			buildConfigurationList = 049D30162A32FDA800FDCDC5 /* Build configuration list for PBXNativeTarget "RickMortyCharactersUITests" */;
			buildPhases = (
				EE3EA7B65F357D2F299CEACE /* [CP] Check Pods Manifest.lock */,
				049D30022A32FDA700FDCDC5 /* Sources */,
				049D30032A32FDA700FDCDC5 /* Frameworks */,
				049D30042A32FDA700FDCDC5 /* Resources */,
			);
			buildRules = (
			);
			dependencies = (
				049D30082A32FDA700FDCDC5 /* PBXTargetDependency */,
			);
			name = RickMortyCharactersUITests;
			productName = RickMortyCharactersUITests;
			productReference = 049D30062A32FDA700FDCDC5 /* RickMortyCharactersUITests.xctest */;
			productType = "com.apple.product-type.bundle.ui-testing";
		};
/* End PBXNativeTarget section */

/* Begin PBXProject section */
		049D2FDE2A32FDA500FDCDC5 /* Project object */ = {
			isa = PBXProject;
			attributes = {
				BuildIndependentTargetsInParallel = 1;
				LastSwiftUpdateCheck = 1430;
				LastUpgradeCheck = 1430;
				TargetAttributes = {
					049D2FE52A32FDA500FDCDC5 = {
						CreatedOnToolsVersion = 14.3;
					};
					049D2FFB2A32FDA700FDCDC5 = {
						CreatedOnToolsVersion = 14.3;
						TestTargetID = 049D2FE52A32FDA500FDCDC5;
					};
					049D30052A32FDA700FDCDC5 = {
						CreatedOnToolsVersion = 14.3;
						TestTargetID = 049D2FE52A32FDA500FDCDC5;
					};
				};
			};
			buildConfigurationList = 049D2FE12A32FDA500FDCDC5 /* Build configuration list for PBXProject "RickMortyCharacters" */;
			compatibilityVersion = "Xcode 14.0";
			developmentRegion = en;
			hasScannedForEncodings = 0;
			knownRegions = (
				en,
				Base,
			);
			mainGroup = 049D2FDD2A32FDA500FDCDC5;
			productRefGroup = 049D2FE72A32FDA500FDCDC5 /* Products */;
			projectDirPath = "";
			projectRoot = "";
			targets = (
				049D2FE52A32FDA500FDCDC5 /* RickMortyCharacters */,
				049D2FFB2A32FDA700FDCDC5 /* RickMortyCharactersTests */,
				049D30052A32FDA700FDCDC5 /* RickMortyCharactersUITests */,
			);
		};
/* End PBXProject section */

/* Begin PBXResourcesBuildPhase section */
		049D2FE42A32FDA500FDCDC5 /* Resources */ = {
			isa = PBXResourcesBuildPhase;
			buildActionMask = 2147483647;
			files = (
				049D30282A332C3E00FDCDC5 /* CharacterSummaryCell.xib in Resources */,
				049D2FF62A32FDA700FDCDC5 /* LaunchScreen.storyboard in Resources */,
				049D2FF32A32FDA700FDCDC5 /* Assets.xcassets in Resources */,
				049D2FF12A32FDA500FDCDC5 /* Main.storyboard in Resources */,
			);
			runOnlyForDeploymentPostprocessing = 0;
		};
		049D2FFA2A32FDA700FDCDC5 /* Resources */ = {
			isa = PBXResourcesBuildPhase;
			buildActionMask = 2147483647;
			files = (
			);
			runOnlyForDeploymentPostprocessing = 0;
		};
		049D30042A32FDA700FDCDC5 /* Resources */ = {
			isa = PBXResourcesBuildPhase;
			buildActionMask = 2147483647;
			files = (
			);
			runOnlyForDeploymentPostprocessing = 0;
		};
/* End PBXResourcesBuildPhase section */

/* Begin PBXShellScriptBuildPhase section */
		45B62C9F5DE1483B0842660F /* [CP] Check Pods Manifest.lock */ = {
			isa = PBXShellScriptBuildPhase;
			buildActionMask = 2147483647;
			files = (
			);
			inputFileListPaths = (
			);
			inputPaths = (
				"${PODS_PODFILE_DIR_PATH}/Podfile.lock",
				"${PODS_ROOT}/Manifest.lock",
			);
			name = "[CP] Check Pods Manifest.lock";
			outputFileListPaths = (
			);
			outputPaths = (
				"$(DERIVED_FILE_DIR)/Pods-RickMortyCharactersTests-checkManifestLockResult.txt",
			);
			runOnlyForDeploymentPostprocessing = 0;
			shellPath = /bin/sh;
			shellScript = "diff \"${PODS_PODFILE_DIR_PATH}/Podfile.lock\" \"${PODS_ROOT}/Manifest.lock\" > /dev/null\nif [ $? != 0 ] ; then\n    # print error to STDERR\n    echo \"error: The sandbox is not in sync with the Podfile.lock. Run 'pod install' or update your CocoaPods installation.\" >&2\n    exit 1\nfi\n# This output is used by Xcode 'outputs' to avoid re-running this script phase.\necho \"SUCCESS\" > \"${SCRIPT_OUTPUT_FILE_0}\"\n";
			showEnvVarsInLog = 0;
		};
		7E68138E0050700DDDE8976C /* [CP] Check Pods Manifest.lock */ = {
			isa = PBXShellScriptBuildPhase;
			buildActionMask = 2147483647;
			files = (
			);
			inputFileListPaths = (
			);
			inputPaths = (
				"${PODS_PODFILE_DIR_PATH}/Podfile.lock",
				"${PODS_ROOT}/Manifest.lock",
			);
			name = "[CP] Check Pods Manifest.lock";
			outputFileListPaths = (
			);
			outputPaths = (
				"$(DERIVED_FILE_DIR)/Pods-RickMortyCharacters-checkManifestLockResult.txt",
			);
			runOnlyForDeploymentPostprocessing = 0;
			shellPath = /bin/sh;
			shellScript = "diff \"${PODS_PODFILE_DIR_PATH}/Podfile.lock\" \"${PODS_ROOT}/Manifest.lock\" > /dev/null\nif [ $? != 0 ] ; then\n    # print error to STDERR\n    echo \"error: The sandbox is not in sync with the Podfile.lock. Run 'pod install' or update your CocoaPods installation.\" >&2\n    exit 1\nfi\n# This output is used by Xcode 'outputs' to avoid re-running this script phase.\necho \"SUCCESS\" > \"${SCRIPT_OUTPUT_FILE_0}\"\n";
			showEnvVarsInLog = 0;
		};
		8EE36A01CDACF785BAD9E5BF /* [CP] Embed Pods Frameworks */ = {
			isa = PBXShellScriptBuildPhase;
			buildActionMask = 2147483647;
			files = (
			);
			inputFileListPaths = (
				"${PODS_ROOT}/Target Support Files/Pods-RickMortyCharactersTests/Pods-RickMortyCharactersTests-frameworks-${CONFIGURATION}-input-files.xcfilelist",
			);
			name = "[CP] Embed Pods Frameworks";
			outputFileListPaths = (
				"${PODS_ROOT}/Target Support Files/Pods-RickMortyCharactersTests/Pods-RickMortyCharactersTests-frameworks-${CONFIGURATION}-output-files.xcfilelist",
			);
			runOnlyForDeploymentPostprocessing = 0;
			shellPath = /bin/sh;
			shellScript = "\"${PODS_ROOT}/Target Support Files/Pods-RickMortyCharactersTests/Pods-RickMortyCharactersTests-frameworks.sh\"\n";
			showEnvVarsInLog = 0;
		};
		D1674FFDF151FA42CE237B13 /* [CP] Embed Pods Frameworks */ = {
			isa = PBXShellScriptBuildPhase;
			buildActionMask = 2147483647;
			files = (
			);
			inputFileListPaths = (
				"${PODS_ROOT}/Target Support Files/Pods-RickMortyCharacters/Pods-RickMortyCharacters-frameworks-${CONFIGURATION}-input-files.xcfilelist",
			);
			name = "[CP] Embed Pods Frameworks";
			outputFileListPaths = (
				"${PODS_ROOT}/Target Support Files/Pods-RickMortyCharacters/Pods-RickMortyCharacters-frameworks-${CONFIGURATION}-output-files.xcfilelist",
			);
			runOnlyForDeploymentPostprocessing = 0;
			shellPath = /bin/sh;
			shellScript = "\"${PODS_ROOT}/Target Support Files/Pods-RickMortyCharacters/Pods-RickMortyCharacters-frameworks.sh\"\n";
			showEnvVarsInLog = 0;
		};
		EE3EA7B65F357D2F299CEACE /* [CP] Check Pods Manifest.lock */ = {
			isa = PBXShellScriptBuildPhase;
			buildActionMask = 2147483647;
			files = (
			);
			inputFileListPaths = (
			);
			inputPaths = (
				"${PODS_PODFILE_DIR_PATH}/Podfile.lock",
				"${PODS_ROOT}/Manifest.lock",
			);
			name = "[CP] Check Pods Manifest.lock";
			outputFileListPaths = (
			);
			outputPaths = (
				"$(DERIVED_FILE_DIR)/Pods-RickMortyCharactersUITests-checkManifestLockResult.txt",
			);
			runOnlyForDeploymentPostprocessing = 0;
			shellPath = /bin/sh;
			shellScript = "diff \"${PODS_PODFILE_DIR_PATH}/Podfile.lock\" \"${PODS_ROOT}/Manifest.lock\" > /dev/null\nif [ $? != 0 ] ; then\n    # print error to STDERR\n    echo \"error: The sandbox is not in sync with the Podfile.lock. Run 'pod install' or update your CocoaPods installation.\" >&2\n    exit 1\nfi\n# This output is used by Xcode 'outputs' to avoid re-running this script phase.\necho \"SUCCESS\" > \"${SCRIPT_OUTPUT_FILE_0}\"\n";
			showEnvVarsInLog = 0;
		};
/* End PBXShellScriptBuildPhase section */

/* Begin PBXSourcesBuildPhase section */
		049D2FE22A32FDA500FDCDC5 /* Sources */ = {
			isa = PBXSourcesBuildPhase;
			buildActionMask = 2147483647;
			files = (
				049D30372A3355DB00FDCDC5 /* SearchVC.swift in Sources */,
				049D30392A335A4B00FDCDC5 /* SearchVCVIewModel.swift in Sources */,
				049D30222A33184A00FDCDC5 /* CharacterListVCViewModel.swift in Sources */,
				049D2FEE2A32FDA500FDCDC5 /* CharacterListVC.swift in Sources */,
				049D30312A334C0D00FDCDC5 /* Location.swift in Sources */,
				049D2FEA2A32FDA500FDCDC5 /* AppDelegate.swift in Sources */,
				049D302D2A334BB900FDCDC5 /* CharacterListAPIResponse.swift in Sources */,
				049D302F2A334BEA00FDCDC5 /* CharacterDetailAPIResponse.swift in Sources */,
				049D2FEC2A32FDA500FDCDC5 /* SceneDelegate.swift in Sources */,
				049D30242A331A5500FDCDC5 /* RickMortyAPIClient.swift in Sources */,
				049D30202A3311B000FDCDC5 /* RxAPIClient.swift in Sources */,
				049D30272A332C3E00FDCDC5 /* CharacterSummaryCell.swift in Sources */,
				049D303B2A33811D00FDCDC5 /* CharacterSummary.swift in Sources */,
				049D30352A334E0800FDCDC5 /* StoryboardScene.swift in Sources */,
			);
			runOnlyForDeploymentPostprocessing = 0;
		};
		049D2FF82A32FDA700FDCDC5 /* Sources */ = {
			isa = PBXSourcesBuildPhase;
			buildActionMask = 2147483647;
			files = (
				049D30012A32FDA700FDCDC5 /* RickMortyCharactersTests.swift in Sources */,
			);
			runOnlyForDeploymentPostprocessing = 0;
		};
		049D30022A32FDA700FDCDC5 /* Sources */ = {
			isa = PBXSourcesBuildPhase;
			buildActionMask = 2147483647;
			files = (
				049D300B2A32FDA800FDCDC5 /* RickMortyCharactersUITests.swift in Sources */,
				049D300D2A32FDA800FDCDC5 /* RickMortyCharactersUITestsLaunchTests.swift in Sources */,
			);
			runOnlyForDeploymentPostprocessing = 0;
		};
/* End PBXSourcesBuildPhase section */

/* Begin PBXTargetDependency section */
		049D2FFE2A32FDA700FDCDC5 /* PBXTargetDependency */ = {
			isa = PBXTargetDependency;
			target = 049D2FE52A32FDA500FDCDC5 /* RickMortyCharacters */;
			targetProxy = 049D2FFD2A32FDA700FDCDC5 /* PBXContainerItemProxy */;
		};
		049D30082A32FDA700FDCDC5 /* PBXTargetDependency */ = {
			isa = PBXTargetDependency;
			target = 049D2FE52A32FDA500FDCDC5 /* RickMortyCharacters */;
			targetProxy = 049D30072A32FDA700FDCDC5 /* PBXContainerItemProxy */;
		};
/* End PBXTargetDependency section */

/* Begin PBXVariantGroup section */
		049D2FEF2A32FDA500FDCDC5 /* Main.storyboard */ = {
			isa = PBXVariantGroup;
			children = (
				049D2FF02A32FDA500FDCDC5 /* Base */,
			);
			name = Main.storyboard;
			sourceTree = "<group>";
		};
		049D2FF42A32FDA700FDCDC5 /* LaunchScreen.storyboard */ = {
			isa = PBXVariantGroup;
			children = (
				049D2FF52A32FDA700FDCDC5 /* Base */,
			);
			name = LaunchScreen.storyboard;
			sourceTree = "<group>";
		};
/* End PBXVariantGroup section */

/* Begin XCBuildConfiguration section */
		049D300E2A32FDA800FDCDC5 /* Debug */ = {
			isa = XCBuildConfiguration;
			buildSettings = {
				ALWAYS_SEARCH_USER_PATHS = NO;
				CLANG_ANALYZER_NONNULL = YES;
				CLANG_ANALYZER_NUMBER_OBJECT_CONVERSION = YES_AGGRESSIVE;
				CLANG_CXX_LANGUAGE_STANDARD = "gnu++20";
				CLANG_ENABLE_MODULES = YES;
				CLANG_ENABLE_OBJC_ARC = YES;
				CLANG_ENABLE_OBJC_WEAK = YES;
				CLANG_WARN_BLOCK_CAPTURE_AUTORELEASING = YES;
				CLANG_WARN_BOOL_CONVERSION = YES;
				CLANG_WARN_COMMA = YES;
				CLANG_WARN_CONSTANT_CONVERSION = YES;
				CLANG_WARN_DEPRECATED_OBJC_IMPLEMENTATIONS = YES;
				CLANG_WARN_DIRECT_OBJC_ISA_USAGE = YES_ERROR;
				CLANG_WARN_DOCUMENTATION_COMMENTS = YES;
				CLANG_WARN_EMPTY_BODY = YES;
				CLANG_WARN_ENUM_CONVERSION = YES;
				CLANG_WARN_INFINITE_RECURSION = YES;
				CLANG_WARN_INT_CONVERSION = YES;
				CLANG_WARN_NON_LITERAL_NULL_CONVERSION = YES;
				CLANG_WARN_OBJC_IMPLICIT_RETAIN_SELF = YES;
				CLANG_WARN_OBJC_LITERAL_CONVERSION = YES;
				CLANG_WARN_OBJC_ROOT_CLASS = YES_ERROR;
				CLANG_WARN_QUOTED_INCLUDE_IN_FRAMEWORK_HEADER = YES;
				CLANG_WARN_RANGE_LOOP_ANALYSIS = YES;
				CLANG_WARN_STRICT_PROTOTYPES = YES;
				CLANG_WARN_SUSPICIOUS_MOVE = YES;
				CLANG_WARN_UNGUARDED_AVAILABILITY = YES_AGGRESSIVE;
				CLANG_WARN_UNREACHABLE_CODE = YES;
				CLANG_WARN__DUPLICATE_METHOD_MATCH = YES;
				COPY_PHASE_STRIP = NO;
				DEBUG_INFORMATION_FORMAT = dwarf;
				ENABLE_STRICT_OBJC_MSGSEND = YES;
				ENABLE_TESTABILITY = YES;
				GCC_C_LANGUAGE_STANDARD = gnu11;
				GCC_DYNAMIC_NO_PIC = NO;
				GCC_NO_COMMON_BLOCKS = YES;
				GCC_OPTIMIZATION_LEVEL = 0;
				GCC_PREPROCESSOR_DEFINITIONS = (
					"DEBUG=1",
					"$(inherited)",
				);
				GCC_WARN_64_TO_32_BIT_CONVERSION = YES;
				GCC_WARN_ABOUT_RETURN_TYPE = YES_ERROR;
				GCC_WARN_UNDECLARED_SELECTOR = YES;
				GCC_WARN_UNINITIALIZED_AUTOS = YES_AGGRESSIVE;
				GCC_WARN_UNUSED_FUNCTION = YES;
				GCC_WARN_UNUSED_VARIABLE = YES;
				IPHONEOS_DEPLOYMENT_TARGET = 16.4;
				MTL_ENABLE_DEBUG_INFO = INCLUDE_SOURCE;
				MTL_FAST_MATH = YES;
				ONLY_ACTIVE_ARCH = YES;
				SDKROOT = iphoneos;
				SWIFT_ACTIVE_COMPILATION_CONDITIONS = DEBUG;
				SWIFT_OPTIMIZATION_LEVEL = "-Onone";
			};
			name = Debug;
		};
		049D300F2A32FDA800FDCDC5 /* Release */ = {
			isa = XCBuildConfiguration;
			buildSettings = {
				ALWAYS_SEARCH_USER_PATHS = NO;
				CLANG_ANALYZER_NONNULL = YES;
				CLANG_ANALYZER_NUMBER_OBJECT_CONVERSION = YES_AGGRESSIVE;
				CLANG_CXX_LANGUAGE_STANDARD = "gnu++20";
				CLANG_ENABLE_MODULES = YES;
				CLANG_ENABLE_OBJC_ARC = YES;
				CLANG_ENABLE_OBJC_WEAK = YES;
				CLANG_WARN_BLOCK_CAPTURE_AUTORELEASING = YES;
				CLANG_WARN_BOOL_CONVERSION = YES;
				CLANG_WARN_COMMA = YES;
				CLANG_WARN_CONSTANT_CONVERSION = YES;
				CLANG_WARN_DEPRECATED_OBJC_IMPLEMENTATIONS = YES;
				CLANG_WARN_DIRECT_OBJC_ISA_USAGE = YES_ERROR;
				CLANG_WARN_DOCUMENTATION_COMMENTS = YES;
				CLANG_WARN_EMPTY_BODY = YES;
				CLANG_WARN_ENUM_CONVERSION = YES;
				CLANG_WARN_INFINITE_RECURSION = YES;
				CLANG_WARN_INT_CONVERSION = YES;
				CLANG_WARN_NON_LITERAL_NULL_CONVERSION = YES;
				CLANG_WARN_OBJC_IMPLICIT_RETAIN_SELF = YES;
				CLANG_WARN_OBJC_LITERAL_CONVERSION = YES;
				CLANG_WARN_OBJC_ROOT_CLASS = YES_ERROR;
				CLANG_WARN_QUOTED_INCLUDE_IN_FRAMEWORK_HEADER = YES;
				CLANG_WARN_RANGE_LOOP_ANALYSIS = YES;
				CLANG_WARN_STRICT_PROTOTYPES = YES;
				CLANG_WARN_SUSPICIOUS_MOVE = YES;
				CLANG_WARN_UNGUARDED_AVAILABILITY = YES_AGGRESSIVE;
				CLANG_WARN_UNREACHABLE_CODE = YES;
				CLANG_WARN__DUPLICATE_METHOD_MATCH = YES;
				COPY_PHASE_STRIP = NO;
				DEBUG_INFORMATION_FORMAT = "dwarf-with-dsym";
				ENABLE_NS_ASSERTIONS = NO;
				ENABLE_STRICT_OBJC_MSGSEND = YES;
				GCC_C_LANGUAGE_STANDARD = gnu11;
				GCC_NO_COMMON_BLOCKS = YES;
				GCC_WARN_64_TO_32_BIT_CONVERSION = YES;
				GCC_WARN_ABOUT_RETURN_TYPE = YES_ERROR;
				GCC_WARN_UNDECLARED_SELECTOR = YES;
				GCC_WARN_UNINITIALIZED_AUTOS = YES_AGGRESSIVE;
				GCC_WARN_UNUSED_FUNCTION = YES;
				GCC_WARN_UNUSED_VARIABLE = YES;
				IPHONEOS_DEPLOYMENT_TARGET = 16.4;
				MTL_ENABLE_DEBUG_INFO = NO;
				MTL_FAST_MATH = YES;
				SDKROOT = iphoneos;
				SWIFT_COMPILATION_MODE = wholemodule;
				SWIFT_OPTIMIZATION_LEVEL = "-O";
				VALIDATE_PRODUCT = YES;
			};
			name = Release;
		};
		049D30112A32FDA800FDCDC5 /* Debug */ = {
			isa = XCBuildConfiguration;
			baseConfigurationReference = DB4C82DD2D9E925263DD34A1 /* Pods-RickMortyCharacters.debug.xcconfig */;
			buildSettings = {
				ASSETCATALOG_COMPILER_APPICON_NAME = AppIcon;
				ASSETCATALOG_COMPILER_GLOBAL_ACCENT_COLOR_NAME = AccentColor;
				CODE_SIGN_STYLE = Automatic;
				CURRENT_PROJECT_VERSION = 1;
				GENERATE_INFOPLIST_FILE = YES;
				INFOPLIST_FILE = RickMortyCharacters/SupportingFIles/Info.plist;
				INFOPLIST_KEY_UIApplicationSupportsIndirectInputEvents = YES;
				INFOPLIST_KEY_UILaunchStoryboardName = LaunchScreen;
				INFOPLIST_KEY_UIMainStoryboardFile = Main;
				INFOPLIST_KEY_UISupportedInterfaceOrientations_iPad = "UIInterfaceOrientationPortrait UIInterfaceOrientationPortraitUpsideDown UIInterfaceOrientationLandscapeLeft UIInterfaceOrientationLandscapeRight";
				INFOPLIST_KEY_UISupportedInterfaceOrientations_iPhone = "UIInterfaceOrientationPortrait UIInterfaceOrientationLandscapeLeft UIInterfaceOrientationLandscapeRight";
				IPHONEOS_DEPLOYMENT_TARGET = 15.0;
				LD_RUNPATH_SEARCH_PATHS = (
					"$(inherited)",
					"@executable_path/Frameworks",
				);
				MARKETING_VERSION = 1.0;
				PRODUCT_BUNDLE_IDENTIFIER = com.example.RickMortyCharacters;
				PRODUCT_NAME = "$(TARGET_NAME)";
				SWIFT_EMIT_LOC_STRINGS = YES;
				SWIFT_VERSION = 5.0;
				TARGETED_DEVICE_FAMILY = "1,2";
			};
			name = Debug;
		};
		049D30122A32FDA800FDCDC5 /* Release */ = {
			isa = XCBuildConfiguration;
			baseConfigurationReference = C91EAE0D8A06ECDC8F914A9A /* Pods-RickMortyCharacters.release.xcconfig */;
			buildSettings = {
				ASSETCATALOG_COMPILER_APPICON_NAME = AppIcon;
				ASSETCATALOG_COMPILER_GLOBAL_ACCENT_COLOR_NAME = AccentColor;
				CODE_SIGN_STYLE = Automatic;
				CURRENT_PROJECT_VERSION = 1;
				GENERATE_INFOPLIST_FILE = YES;
				INFOPLIST_FILE = RickMortyCharacters/SupportingFIles/Info.plist;
				INFOPLIST_KEY_UIApplicationSupportsIndirectInputEvents = YES;
				INFOPLIST_KEY_UILaunchStoryboardName = LaunchScreen;
				INFOPLIST_KEY_UIMainStoryboardFile = Main;
				INFOPLIST_KEY_UISupportedInterfaceOrientations_iPad = "UIInterfaceOrientationPortrait UIInterfaceOrientationPortraitUpsideDown UIInterfaceOrientationLandscapeLeft UIInterfaceOrientationLandscapeRight";
				INFOPLIST_KEY_UISupportedInterfaceOrientations_iPhone = "UIInterfaceOrientationPortrait UIInterfaceOrientationLandscapeLeft UIInterfaceOrientationLandscapeRight";
				IPHONEOS_DEPLOYMENT_TARGET = 15.0;
				LD_RUNPATH_SEARCH_PATHS = (
					"$(inherited)",
					"@executable_path/Frameworks",
				);
				MARKETING_VERSION = 1.0;
				PRODUCT_BUNDLE_IDENTIFIER = com.example.RickMortyCharacters;
				PRODUCT_NAME = "$(TARGET_NAME)";
				SWIFT_EMIT_LOC_STRINGS = YES;
				SWIFT_VERSION = 5.0;
				TARGETED_DEVICE_FAMILY = "1,2";
			};
			name = Release;
		};
		049D30142A32FDA800FDCDC5 /* Debug */ = {
			isa = XCBuildConfiguration;
			baseConfigurationReference = 1ABB9D1090EBDB0404D375E2 /* Pods-RickMortyCharactersTests.debug.xcconfig */;
			buildSettings = {
				ALWAYS_EMBED_SWIFT_STANDARD_LIBRARIES = YES;
				BUNDLE_LOADER = "$(TEST_HOST)";
				CODE_SIGN_STYLE = Automatic;
				CURRENT_PROJECT_VERSION = 1;
				GENERATE_INFOPLIST_FILE = YES;
				IPHONEOS_DEPLOYMENT_TARGET = 16.4;
				MARKETING_VERSION = 1.0;
				PRODUCT_BUNDLE_IDENTIFIER = com.example.RickMortyCharactersTests;
				PRODUCT_NAME = "$(TARGET_NAME)";
				SWIFT_EMIT_LOC_STRINGS = NO;
				SWIFT_VERSION = 5.0;
				TARGETED_DEVICE_FAMILY = "1,2";
				TEST_HOST = "$(BUILT_PRODUCTS_DIR)/RickMortyCharacters.app/$(BUNDLE_EXECUTABLE_FOLDER_PATH)/RickMortyCharacters";
			};
			name = Debug;
		};
		049D30152A32FDA800FDCDC5 /* Release */ = {
			isa = XCBuildConfiguration;
			baseConfigurationReference = 10DFE7DE0E4128221B9D484E /* Pods-RickMortyCharactersTests.release.xcconfig */;
			buildSettings = {
				ALWAYS_EMBED_SWIFT_STANDARD_LIBRARIES = YES;
				BUNDLE_LOADER = "$(TEST_HOST)";
				CODE_SIGN_STYLE = Automatic;
				CURRENT_PROJECT_VERSION = 1;
				GENERATE_INFOPLIST_FILE = YES;
				IPHONEOS_DEPLOYMENT_TARGET = 16.4;
				MARKETING_VERSION = 1.0;
				PRODUCT_BUNDLE_IDENTIFIER = com.example.RickMortyCharactersTests;
				PRODUCT_NAME = "$(TARGET_NAME)";
				SWIFT_EMIT_LOC_STRINGS = NO;
				SWIFT_VERSION = 5.0;
				TARGETED_DEVICE_FAMILY = "1,2";
				TEST_HOST = "$(BUILT_PRODUCTS_DIR)/RickMortyCharacters.app/$(BUNDLE_EXECUTABLE_FOLDER_PATH)/RickMortyCharacters";
			};
			name = Release;
		};
		049D30172A32FDA800FDCDC5 /* Debug */ = {
			isa = XCBuildConfiguration;
			baseConfigurationReference = 651274486A2A4A9AFE9AB322 /* Pods-RickMortyCharactersUITests.debug.xcconfig */;
			buildSettings = {
				ALWAYS_EMBED_SWIFT_STANDARD_LIBRARIES = YES;
				CODE_SIGN_STYLE = Automatic;
				CURRENT_PROJECT_VERSION = 1;
				GENERATE_INFOPLIST_FILE = YES;
				MARKETING_VERSION = 1.0;
				PRODUCT_BUNDLE_IDENTIFIER = com.example.RickMortyCharactersUITests;
				PRODUCT_NAME = "$(TARGET_NAME)";
				SWIFT_EMIT_LOC_STRINGS = NO;
				SWIFT_VERSION = 5.0;
				TARGETED_DEVICE_FAMILY = "1,2";
				TEST_TARGET_NAME = RickMortyCharacters;
			};
			name = Debug;
		};
		049D30182A32FDA800FDCDC5 /* Release */ = {
			isa = XCBuildConfiguration;
			baseConfigurationReference = D676D26284130CB720934867 /* Pods-RickMortyCharactersUITests.release.xcconfig */;
			buildSettings = {
				ALWAYS_EMBED_SWIFT_STANDARD_LIBRARIES = YES;
				CODE_SIGN_STYLE = Automatic;
				CURRENT_PROJECT_VERSION = 1;
				GENERATE_INFOPLIST_FILE = YES;
				MARKETING_VERSION = 1.0;
				PRODUCT_BUNDLE_IDENTIFIER = com.example.RickMortyCharactersUITests;
				PRODUCT_NAME = "$(TARGET_NAME)";
				SWIFT_EMIT_LOC_STRINGS = NO;
				SWIFT_VERSION = 5.0;
				TARGETED_DEVICE_FAMILY = "1,2";
				TEST_TARGET_NAME = RickMortyCharacters;
			};
			name = Release;
		};
/* End XCBuildConfiguration section */

/* Begin XCConfigurationList section */
		049D2FE12A32FDA500FDCDC5 /* Build configuration list for PBXProject "RickMortyCharacters" */ = {
			isa = XCConfigurationList;
			buildConfigurations = (
				049D300E2A32FDA800FDCDC5 /* Debug */,
				049D300F2A32FDA800FDCDC5 /* Release */,
			);
			defaultConfigurationIsVisible = 0;
			defaultConfigurationName = Release;
		};
		049D30102A32FDA800FDCDC5 /* Build configuration list for PBXNativeTarget "RickMortyCharacters" */ = {
			isa = XCConfigurationList;
			buildConfigurations = (
				049D30112A32FDA800FDCDC5 /* Debug */,
				049D30122A32FDA800FDCDC5 /* Release */,
			);
			defaultConfigurationIsVisible = 0;
			defaultConfigurationName = Release;
		};
		049D30132A32FDA800FDCDC5 /* Build configuration list for PBXNativeTarget "RickMortyCharactersTests" */ = {
			isa = XCConfigurationList;
			buildConfigurations = (
				049D30142A32FDA800FDCDC5 /* Debug */,
				049D30152A32FDA800FDCDC5 /* Release */,
			);
			defaultConfigurationIsVisible = 0;
			defaultConfigurationName = Release;
		};
		049D30162A32FDA800FDCDC5 /* Build configuration list for PBXNativeTarget "RickMortyCharactersUITests" */ = {
			isa = XCConfigurationList;
			buildConfigurations = (
				049D30172A32FDA800FDCDC5 /* Debug */,
				049D30182A32FDA800FDCDC5 /* Release */,
			);
			defaultConfigurationIsVisible = 0;
			defaultConfigurationName = Release;
		};
/* End XCConfigurationList section */
	};
	rootObject = 049D2FDE2A32FDA500FDCDC5 /* Project object */;
}
